
Microsoft Visual Studio Solution File, Format Version 12.00
# Visual Studio Version 17
VisualStudioVersion = 17.10.34928.147
MinimumVisualStudioVersion = 10.0.40219.1
Project("{FAE04EC0-301F-11D3-BF4B-00C04F79EFBC}") = "Constructeurs", "Constructeurs\Constructeurs.csproj", "{81B1B9CC-799B-4961-8250-D91CE4112867}"
EndProject
Global
	GlobalSection(SolutionConfigurationPlatforms) = preSolution
		Debug|Any CPU = Debug|Any CPU
		Release|Any CPU = Release|Any CPU
	EndGlobalSection
	GlobalSection(ProjectConfigurationPlatforms) = postSolution
		{81B1B9CC-799B-4961-8250-D91CE4112867}.Debug|Any CPU.ActiveCfg = Debug|Any CPU
		{81B1B9CC-799B-4961-8250-D91CE4112867}.Debug|Any CPU.Build.0 = Debug|Any CPU
		{81B1B9CC-799B-4961-8250-D91CE4112867}.Release|Any CPU.ActiveCfg = Release|Any CPU
		{81B1B9CC-799B-4961-8250-D91CE4112867}.Release|Any CPU.Build.0 = Release|Any CPU
	EndGlobalSection
	GlobalSection(SolutionProperties) = preSolution
		HideSolutionNode = FALSE
	EndGlobalSection
	GlobalSection(ExtensibilityGlobals) = postSolution
		SolutionGuid = {952ED43C-0FB6-45BD-AE21-1D49B67ADA88}
	EndGlobalSection
EndGlobal
